
Microsoft Visual Studio Solution File, Format Version 12.00
# Visual Studio 15
VisualStudioVersion = 15.0.28307.136
MinimumVisualStudioVersion = 10.0.40219.1
Project("{8BC9CEB8-8B4A-11D0-8D11-00A0C91BC942}") = "AoC_01", "AoC_01\AoC_01.vcxproj", "{B816D974-134E-4E43-858F-3EBD2557178D}"
EndProject
Project("{FAE04EC0-301F-11D3-BF4B-00C04F79EFBC}") = "AoC_02", "AoC_02\AoC_02.csproj", "{A9C24FCD-2FED-4E92-8316-C08B789067A0}"
EndProject
Project("{FAE04EC0-301F-11D3-BF4B-00C04F79EFBC}") = "AoC_03", "AoC_03\AoC_03.csproj", "{2574F603-4B6C-4A30-BFDD-E3BC09EEDFDF}"
EndProject
Global
	GlobalSection(SolutionConfigurationPlatforms) = preSolution
		Debug|Any CPU = Debug|Any CPU
		Debug|x64 = Debug|x64
		Debug|x86 = Debug|x86
		Release|Any CPU = Release|Any CPU
		Release|x64 = Release|x64
		Release|x86 = Release|x86
	EndGlobalSection
	GlobalSection(ProjectConfigurationPlatforms) = postSolution
		{B816D974-134E-4E43-858F-3EBD2557178D}.Debug|Any CPU.ActiveCfg = Debug|x64
		{B816D974-134E-4E43-858F-3EBD2557178D}.Debug|Any CPU.Build.0 = Debug|x64
		{B816D974-134E-4E43-858F-3EBD2557178D}.Debug|x64.ActiveCfg = Debug|x64
		{B816D974-134E-4E43-858F-3EBD2557178D}.Debug|x64.Build.0 = Debug|x64
		{B816D974-134E-4E43-858F-3EBD2557178D}.Debug|x86.ActiveCfg = Debug|Win32
		{B816D974-134E-4E43-858F-3EBD2557178D}.Debug|x86.Build.0 = Debug|Win32
		{B816D974-134E-4E43-858F-3EBD2557178D}.Release|Any CPU.ActiveCfg = Debug|x64
		{B816D974-134E-4E43-858F-3EBD2557178D}.Release|Any CPU.Build.0 = Debug|x64
		{B816D974-134E-4E43-858F-3EBD2557178D}.Release|x64.ActiveCfg = Release|x64
		{B816D974-134E-4E43-858F-3EBD2557178D}.Release|x64.Build.0 = Release|x64
		{B816D974-134E-4E43-858F-3EBD2557178D}.Release|x86.ActiveCfg = Release|Win32
		{B816D974-134E-4E43-858F-3EBD2557178D}.Release|x86.Build.0 = Release|Win32
		{A9C24FCD-2FED-4E92-8316-C08B789067A0}.Debug|Any CPU.ActiveCfg = Debug|Any CPU
		{A9C24FCD-2FED-4E92-8316-C08B789067A0}.Debug|Any CPU.Build.0 = Debug|Any CPU
		{A9C24FCD-2FED-4E92-8316-C08B789067A0}.Debug|x64.ActiveCfg = Debug|Any CPU
		{A9C24FCD-2FED-4E92-8316-C08B789067A0}.Debug|x64.Build.0 = Debug|Any CPU
		{A9C24FCD-2FED-4E92-8316-C08B789067A0}.Debug|x86.ActiveCfg = Debug|Any CPU
		{A9C24FCD-2FED-4E92-8316-C08B789067A0}.Debug|x86.Build.0 = Debug|Any CPU
		{A9C24FCD-2FED-4E92-8316-C08B789067A0}.Release|Any CPU.ActiveCfg = Debug|Any CPU
		{A9C24FCD-2FED-4E92-8316-C08B789067A0}.Release|Any CPU.Build.0 = Debug|Any CPU
		{A9C24FCD-2FED-4E92-8316-C08B789067A0}.Release|x64.ActiveCfg = Release|Any CPU
		{A9C24FCD-2FED-4E92-8316-C08B789067A0}.Release|x64.Build.0 = Release|Any CPU
		{A9C24FCD-2FED-4E92-8316-C08B789067A0}.Release|x86.ActiveCfg = Release|Any CPU
		{A9C24FCD-2FED-4E92-8316-C08B789067A0}.Release|x86.Build.0 = Release|Any CPU
		{2574F603-4B6C-4A30-BFDD-E3BC09EEDFDF}.Debug|Any CPU.ActiveCfg = Debug|Any CPU
		{2574F603-4B6C-4A30-BFDD-E3BC09EEDFDF}.Debug|Any CPU.Build.0 = Debug|Any CPU
		{2574F603-4B6C-4A30-BFDD-E3BC09EEDFDF}.Debug|x64.ActiveCfg = Debug|Any CPU
		{2574F603-4B6C-4A30-BFDD-E3BC09EEDFDF}.Debug|x64.Build.0 = Debug|Any CPU
		{2574F603-4B6C-4A30-BFDD-E3BC09EEDFDF}.Debug|x86.ActiveCfg = Debug|Any CPU
		{2574F603-4B6C-4A30-BFDD-E3BC09EEDFDF}.Debug|x86.Build.0 = Debug|Any CPU
		{2574F603-4B6C-4A30-BFDD-E3BC09EEDFDF}.Release|Any CPU.ActiveCfg = Debug|Any CPU
		{2574F603-4B6C-4A30-BFDD-E3BC09EEDFDF}.Release|Any CPU.Build.0 = Debug|Any CPU
		{2574F603-4B6C-4A30-BFDD-E3BC09EEDFDF}.Release|x64.ActiveCfg = Release|Any CPU
		{2574F603-4B6C-4A30-BFDD-E3BC09EEDFDF}.Release|x64.Build.0 = Release|Any CPU
		{2574F603-4B6C-4A30-BFDD-E3BC09EEDFDF}.Release|x86.ActiveCfg = Release|Any CPU
		{2574F603-4B6C-4A30-BFDD-E3BC09EEDFDF}.Release|x86.Build.0 = Release|Any CPU
	EndGlobalSection
	GlobalSection(SolutionProperties) = preSolution
		HideSolutionNode = FALSE
	EndGlobalSection
	GlobalSection(ExtensibilityGlobals) = postSolution
		SolutionGuid = {DFF470DA-314E-405B-92F8-98593CCFA340}
	EndGlobalSection
EndGlobal
